%{"apex": {:hex, :apex, "1.0.0", "abf230314d35ca4c48a902f693247f190ad42fc14862b9c4f7dbb7077b21c20a", [:mix], []},
  "bunt": {:hex, :bunt, "0.2.0", "951c6e801e8b1d2cbe58ebbd3e616a869061ddadcc4863d0a2182541acae9a38", [:mix], []},
  "certifi": {:hex, :certifi, "0.7.0", "861a57f3808f7eb0c2d1802afeaae0fa5de813b0df0979153cbafcd853ababaf", [:rebar3], []},
  "codeclimate_credo": {:git, "https://github.com/fazibear/codeclimate-credo", "057944ba1b3bd3bc25c0d5f2e2866451a5f3ac30", [branch: "master"]},
  "config": {:git, "https://github.com/renderedtext/ex-config.git", "ed0ce693359264d5949fafbd718b7f84064abd82", []},
  "credo": {:hex, :credo, "0.6.1", "a941e2591bd2bd2055dc92b810c174650b40b8290459c89a835af9d59ac4a5f8", [:mix], [{:bunt, "~> 0.2.0", [hex: :bunt, optional: false]}]},
  "distillery": {:hex, :distillery, "1.1.2", "4cf32ecc70ca7eecca9e52e111edf320bd78011050825863cd8bc7ffee686c5d", [:mix], []},
  "dogma": {:hex, :dogma, "0.1.14", "561abecb25a2408738e7d2bc34cc565a07e6fadbc4fb91b2cbb35a5a9234cf1c", [:mix], [{:poison, ">= 2.0.0", [hex: :poison, optional: false]}]},
  "espec": {:hex, :espec, "1.2.2", "c54cead6b197e9bcf32406d43eaedb1675a2b35c5ccc63f1033782c8d616b4a2", [:mix], [{:meck, "~> 0.8.4", [hex: :meck, optional: false]}]},
  "ex_aws": {:git, "https://github.com/raisebook/ex_aws", "4b8d0863c37bfda421563c1189b7b485a14db3ef", [branch: "feature/cloudformation"]},
  "ex_sqs_service": {:git, "https://github.com/raisebook/ex_sqs_service", "41b51637a2b744bc1de56de14bb4bd9949441b20", []},
  "gen_stage": {:hex, :gen_stage, "0.8.0", "a76e3f0530f86fae8b8a1021c06527b1ec171cf4c0bdfecd8d5ad0376d1205af", [:mix], []},
  "hackney": {:hex, :hackney, "1.6.5", "8c025ee397ac94a184b0743c73b33b96465e85f90a02e210e86df6cbafaa5065", [:rebar3], [{:certifi, "0.7.0", [hex: :certifi, optional: false]}, {:idna, "1.2.0", [hex: :idna, optional: false]}, {:metrics, "1.0.1", [hex: :metrics, optional: false]}, {:mimerl, "1.0.2", [hex: :mimerl, optional: false]}, {:ssl_verify_fun, "1.1.1", [hex: :ssl_verify_fun, optional: false]}]},
  "httpoison": {:hex, :httpoison, "0.11.0", "b9240a9c44fc46fcd8618d17898859ba09a3c1b47210b74316c0ffef10735e76", [:mix], [{:hackney, "~> 1.6.3", [hex: :hackney, optional: false]}]},
  "idna": {:hex, :idna, "1.2.0", "ac62ee99da068f43c50dc69acf700e03a62a348360126260e87f2b54eced86b2", [:rebar3], []},
  "logger_papertrail_backend": {:hex, :logger_papertrail_backend, "0.1.1", "d5e8a56037dff43126db32b72c23087207b06dc6cfab50d4f476d5ec3536ab5d", [:mix], []},
  "meck": {:hex, :meck, "0.8.4", "59ca1cd971372aa223138efcf9b29475bde299e1953046a0c727184790ab1520", [:make, :rebar], []},
  "metrics": {:hex, :metrics, "1.0.1", "25f094dea2cda98213cecc3aeff09e940299d950904393b2a29d191c346a8486", [:rebar3], []},
  "mimerl": {:hex, :mimerl, "1.0.2", "993f9b0e084083405ed8252b99460c4f0563e41729ab42d9074fd5e52439be88", [:rebar3], []},
  "poison": {:hex, :poison, "3.1.0", "d9eb636610e096f86f25d9a46f35a9facac35609a7591b3be3326e99a0484665", [:mix], []},
  "rollbax": {:hex, :rollbax, "0.8.1", "c385f77d950cf33b1e81389443e5d0eb4aa509493aa57c0534bc9e0bb87af73c", [:mix], [{:hackney, "~> 1.1", [hex: :hackney, optional: false]}, {:poison, "~> 1.4 or ~> 2.0 or ~> 3.0", [hex: :poison, optional: false]}]},
  "ssl_verify_fun": {:hex, :ssl_verify_fun, "1.1.1", "28a4d65b7f59893bc2c7de786dec1e1555bd742d336043fe644ae956c3497fbe", [:make, :rebar], []},
  "sweet_xml": {:hex, :sweet_xml, "0.6.5", "dd9cde443212b505d1b5f9758feb2000e66a14d3c449f04c572f3048c66e6697", [:mix], []}}
